
Microsoft Visual Studio Solution File, Format Version 12.00
# Visual Studio Version 17
VisualStudioVersion = 17.1.32421.90
MinimumVisualStudioVersion = 10.0.40219.1
Project("{9A19103F-16F7-4668-BE54-9A1E7A4F7556}") = "SharingExpenses.Models", "SharingExpenses.Models\SharingExpenses.Models.csproj", "{D613BCBC-F9C7-4F94-ADA8-E45D5F0E39FD}"
EndProject
Project("{9A19103F-16F7-4668-BE54-9A1E7A4F7556}") = "SharingExpenses.TestProject", "SharingExpenses.TestProject\SharingExpenses.TestProject.csproj", "{E14F49A4-0122-4CB4-827E-97B843E07E12}"
EndProject
Project("{9A19103F-16F7-4668-BE54-9A1E7A4F7556}") = "SharingExpenses", "SharingExpenses\SharingExpenses.csproj", "{9C4B41A1-C8FD-4F60-BD61-4DFC5B5799E0}"
EndProject
Global
	GlobalSection(SolutionConfigurationPlatforms) = preSolution
		Debug|Any CPU = Debug|Any CPU
		Release|Any CPU = Release|Any CPU
		TEST|Any CPU = TEST|Any CPU
	EndGlobalSection
	GlobalSection(ProjectConfigurationPlatforms) = postSolution
		{D613BCBC-F9C7-4F94-ADA8-E45D5F0E39FD}.Debug|Any CPU.ActiveCfg = Debug|Any CPU
		{D613BCBC-F9C7-4F94-ADA8-E45D5F0E39FD}.Debug|Any CPU.Build.0 = Debug|Any CPU
		{D613BCBC-F9C7-4F94-ADA8-E45D5F0E39FD}.Release|Any CPU.ActiveCfg = Release|Any CPU
		{D613BCBC-F9C7-4F94-ADA8-E45D5F0E39FD}.Release|Any CPU.Build.0 = Release|Any CPU
		{D613BCBC-F9C7-4F94-ADA8-E45D5F0E39FD}.TEST|Any CPU.ActiveCfg = TEST|Any CPU
		{D613BCBC-F9C7-4F94-ADA8-E45D5F0E39FD}.TEST|Any CPU.Build.0 = TEST|Any CPU
		{E14F49A4-0122-4CB4-827E-97B843E07E12}.Debug|Any CPU.ActiveCfg = Debug|Any CPU
		{E14F49A4-0122-4CB4-827E-97B843E07E12}.Debug|Any CPU.Build.0 = Debug|Any CPU
		{E14F49A4-0122-4CB4-827E-97B843E07E12}.Release|Any CPU.ActiveCfg = Release|Any CPU
		{E14F49A4-0122-4CB4-827E-97B843E07E12}.Release|Any CPU.Build.0 = Release|Any CPU
		{E14F49A4-0122-4CB4-827E-97B843E07E12}.TEST|Any CPU.ActiveCfg = TEST|Any CPU
		{E14F49A4-0122-4CB4-827E-97B843E07E12}.TEST|Any CPU.Build.0 = TEST|Any CPU
		{9C4B41A1-C8FD-4F60-BD61-4DFC5B5799E0}.Debug|Any CPU.ActiveCfg = Debug|Any CPU
		{9C4B41A1-C8FD-4F60-BD61-4DFC5B5799E0}.Debug|Any CPU.Build.0 = Debug|Any CPU
		{9C4B41A1-C8FD-4F60-BD61-4DFC5B5799E0}.Release|Any CPU.ActiveCfg = Release|Any CPU
		{9C4B41A1-C8FD-4F60-BD61-4DFC5B5799E0}.Release|Any CPU.Build.0 = Release|Any CPU
		{9C4B41A1-C8FD-4F60-BD61-4DFC5B5799E0}.TEST|Any CPU.ActiveCfg = TEST|Any CPU
		{9C4B41A1-C8FD-4F60-BD61-4DFC5B5799E0}.TEST|Any CPU.Build.0 = TEST|Any CPU
	EndGlobalSection
	GlobalSection(SolutionProperties) = preSolution
		HideSolutionNode = FALSE
	EndGlobalSection
	GlobalSection(ExtensibilityGlobals) = postSolution
		SolutionGuid = {C1DB8173-A2AC-4328-9BA8-B22D10A2C1E5}
	EndGlobalSection
EndGlobal
