
Microsoft Visual Studio Solution File, Format Version 12.00
# Visual Studio Version 17
VisualStudioVersion = 17.1.32421.90
MinimumVisualStudioVersion = 10.0.40219.1
Project("{FAE04EC0-301F-11D3-BF4B-00C04F79EFBC}") = "SharingExpenses", "SharingExpenses\SharingExpenses.csproj", "{F9E44801-911E-4A78-9188-34542AB0B3ED}"
EndProject
Project("{FAE04EC0-301F-11D3-BF4B-00C04F79EFBC}") = "SharingExpenses.Models", "SharingExpenses.Models\SharingExpenses.Models.csproj", "{D613BCBC-F9C7-4F94-ADA8-E45D5F0E39FD}"
EndProject
Global
	GlobalSection(SolutionConfigurationPlatforms) = preSolution
		Debug|Any CPU = Debug|Any CPU
		Release|Any CPU = Release|Any CPU
	EndGlobalSection
	GlobalSection(ProjectConfigurationPlatforms) = postSolution
		{F9E44801-911E-4A78-9188-34542AB0B3ED}.Debug|Any CPU.ActiveCfg = Debug|Any CPU
		{F9E44801-911E-4A78-9188-34542AB0B3ED}.Debug|Any CPU.Build.0 = Debug|Any CPU
		{F9E44801-911E-4A78-9188-34542AB0B3ED}.Release|Any CPU.ActiveCfg = Release|Any CPU
		{F9E44801-911E-4A78-9188-34542AB0B3ED}.Release|Any CPU.Build.0 = Release|Any CPU
		{D613BCBC-F9C7-4F94-ADA8-E45D5F0E39FD}.Debug|Any CPU.ActiveCfg = Debug|Any CPU
		{D613BCBC-F9C7-4F94-ADA8-E45D5F0E39FD}.Debug|Any CPU.Build.0 = Debug|Any CPU
		{D613BCBC-F9C7-4F94-ADA8-E45D5F0E39FD}.Release|Any CPU.ActiveCfg = Release|Any CPU
		{D613BCBC-F9C7-4F94-ADA8-E45D5F0E39FD}.Release|Any CPU.Build.0 = Release|Any CPU
	EndGlobalSection
	GlobalSection(SolutionProperties) = preSolution
		HideSolutionNode = FALSE
	EndGlobalSection
	GlobalSection(ExtensibilityGlobals) = postSolution
		SolutionGuid = {C1DB8173-A2AC-4328-9BA8-B22D10A2C1E5}
	EndGlobalSection
EndGlobal
